{
  "name": "react-native-snack",
  "version": "1.0.2",
  "lockfileVersion": 1,
  "requires": true,
  "dependencies": {
    "@types/lodash": {
      "version": "4.14.134",
      "resolved": "https://registry.npmjs.org/@types/lodash/-/lodash-4.14.134.tgz",
      "integrity": "sha512-2/O0khFUCFeDlbi7sZ7ZFRCcT812fAeOLm7Ev4KbwASkZ575TDrDcY7YyaoHdTOzKcNbfiwLYZqPmoC4wadrsw==",
      "dev": true
    },
    "@types/prop-types": {
      "version": "15.7.1",
      "resolved": "https://registry.npmjs.org/@types/prop-types/-/prop-types-15.7.1.tgz",
      "integrity": "sha512-CFzn9idOEpHrgdw8JsoTkaDDyRWk1jrzIV8djzcgpq0y9tG4B4lFT+Nxh52DVpDXV+n4+NPNv7M1Dj5uMp6XFg==",
      "dev": true
    },
    "@types/react": {
      "version": "16.8.19",
      "resolved": "https://registry.npmjs.org/@types/react/-/react-16.8.19.tgz",
      "integrity": "sha512-QzEzjrd1zFzY9cDlbIiFvdr+YUmefuuRYrPxmkwG0UQv5XF35gFIi7a95m1bNVcFU0VimxSZ5QVGSiBmlggQXQ==",
      "dev": true,
      "requires": {
        "@types/prop-types": "*",
        "csstype": "^2.2.0"
      }
    },
    "@types/react-native": {
      "version": "0.57.60",
      "resolved": "https://registry.npmjs.org/@types/react-native/-/react-native-0.57.60.tgz",
      "integrity": "sha512-zObrnRsCbpM7qDm97d8+5qiSIMMYRaWgpqu6orjbjzLUAcJaKnpBMXgW6bRXWkFBjHgm3hjDAdVVGMWlrYJBdw==",
      "dev": true,
      "requires": {
        "@types/prop-types": "*",
        "@types/react": "*"
      }
    },
    "csstype": {
      "version": "2.6.5",
      "resolved": "https://registry.npmjs.org/csstype/-/csstype-2.6.5.tgz",
      "integrity": "sha512-JsTaiksRsel5n7XwqPAfB0l3TFKdpjW/kgAELf9vrb5adGA7UCPLajKK5s3nFrcFm3Rkyp/Qkgl73ENc1UY3cA==",
      "dev": true
    },
    "lodash": {
      "version": "4.17.19",
      "resolved": "https://registry.npmjs.org/lodash/-/lodash-4.17.19.tgz",
      "integrity": "sha512-JNvd8XER9GQX0v2qJgsaN/mzFCNA5BRe/j8JN9d+tWyGLSodKQHKFicdwNYzWwI3wjRnaKPsGj1XkBjx/F96DQ=="
    },
    "prettier": {
      "version": "1.18.2",
      "resolved": "https://registry.npmjs.org/prettier/-/prettier-1.18.2.tgz",
      "integrity": "sha512-OeHeMc0JhFE9idD4ZdtNibzY0+TPHSpSSb9h8FqtP+YnoZZ1sl8Vc9b1sasjfymH3SonAF4QcA2+mzHPhMvIiw==",
      "dev": true
    },
    "react-native-iphone-x-helper": {
      "version": "1.2.1",
      "resolved": "https://registry.npmjs.org/react-native-iphone-x-helper/-/react-native-iphone-x-helper-1.2.1.tgz",
      "integrity": "sha512-/VbpIEp8tSNNHIvstuA3Swx610whci1Zpc9mqNkqn14DkMbw+ORviln2u0XyHG1kPvvwTNGZY6QpeFwxYaSdbQ=="
    },
    "typescript": {
      "version": "3.5.1",
      "resolved": "https://registry.npmjs.org/typescript/-/typescript-3.5.1.tgz",
      "integrity": "sha512-64HkdiRv1yYZsSe4xC1WVgamNigVYjlssIoaH2HcZF0+ijsk5YK2g0G34w9wJkze8+5ow4STd22AynfO6ZYYLw==",
      "dev": true
    }
  }
}
